
Microsoft Visual Studio Solution File, Format Version 12.00
# Visual Studio Version 17
VisualStudioVersion = 17.11.35327.3
MinimumVisualStudioVersion = 10.0.40219.1
Project("{FAE04EC0-301F-11D3-BF4B-00C04F79EFBC}") = "ConsoleApp1", "ConsoleApp1\ConsoleApp1.csproj", "{6028B2F1-C8F5-41CD-AB03-91E0D525B499}"
EndProject
Global
	GlobalSection(SolutionConfigurationPlatforms) = preSolution
		Debug|Any CPU = Debug|Any CPU
		Release|Any CPU = Release|Any CPU
	EndGlobalSection
	GlobalSection(ProjectConfigurationPlatforms) = postSolution
		{6028B2F1-C8F5-41CD-AB03-91E0D525B499}.Debug|Any CPU.ActiveCfg = Debug|Any CPU
		{6028B2F1-C8F5-41CD-AB03-91E0D525B499}.Debug|Any CPU.Build.0 = Debug|Any CPU
		{6028B2F1-C8F5-41CD-AB03-91E0D525B499}.Release|Any CPU.ActiveCfg = Release|Any CPU
		{6028B2F1-C8F5-41CD-AB03-91E0D525B499}.Release|Any CPU.Build.0 = Release|Any CPU
	EndGlobalSection
	GlobalSection(SolutionProperties) = preSolution
		HideSolutionNode = FALSE
	EndGlobalSection
	GlobalSection(ExtensibilityGlobals) = postSolution
		SolutionGuid = {E1CE7BC4-54F6-4003-A3D8-0889A82CC4EC}
	EndGlobalSection
EndGlobal
